
Microsoft Visual Studio Solution File, Format Version 12.00
# Visual Studio Version 16
VisualStudioVersion = 16.0.29123.88
MinimumVisualStudioVersion = 10.0.40219.1
Project("{9A19103F-16F7-4668-BE54-9A1E7A4F7556}") = "ManageWeb", "ManageWeb\ManageWeb.csproj", "{A66C2BFF-2B4C-426D-AFAA-2438383F5494}"
EndProject
Project("{2150E333-8FDC-42A3-9474-1A3956D46DE8}") = "User", "User", "{F6DE437E-64CF-4CDB-A269-851BB5F5CB86}"
EndProject
Project("{9A19103F-16F7-4668-BE54-9A1E7A4F7556}") = "YJC.Toolkit.LogOn", "User\YJC.Toolkit.LogOn\YJC.Toolkit.LogOn.csproj", "{31BD1568-BCDA-45EB-ADD8-E0D22446C594}"
EndProject
Project("{9A19103F-16F7-4668-BE54-9A1E7A4F7556}") = "YJC.Toolkit.SimpleRight", "User\YJC.Toolkit.SimpleRight\YJC.Toolkit.SimpleRight.csproj", "{B6DFA30C-9FFA-4145-8990-BE1DC172BA69}"
EndProject
Project("{9A19103F-16F7-4668-BE54-9A1E7A4F7556}") = "YJC.Toolkit.SimpleUser.Data", "User\YJC.Toolkit.SimpleUser.Data\YJC.Toolkit.SimpleUser.Data.csproj", "{D7A9C06E-E7A4-4F04-B877-172768C2F37F}"
EndProject
Project("{9A19103F-16F7-4668-BE54-9A1E7A4F7556}") = "YJC.Toolkit.SimpleUser.Data.Core", "User\YJC.Toolkit.SimpleUser.Data.Core\YJC.Toolkit.SimpleUser.Data.Core.csproj", "{D497A416-34F9-45FC-AE28-15B96FD8DFBD}"
EndProject
Project("{2150E333-8FDC-42A3-9474-1A3956D46DE8}") = "Modules", "Modules", "{FB0EA1EE-3A94-4B7A-8A46-31DF16CEFEE8}"
EndProject
Project("{2150E333-8FDC-42A3-9474-1A3956D46DE8}") = "School", "School", "{11CD38D5-A759-4528-BE5F-9E3F916C545B}"
EndProject
Project("{9A19103F-16F7-4668-BE54-9A1E7A4F7556}") = "School", "ScoreManager\School\School.csproj", "{C74F8716-C641-45EF-B1D8-677BB310E5C7}"
EndProject
Project("{2150E333-8FDC-42A3-9474-1A3956D46DE8}") = "Student", "Student", "{711D0CA4-DA1A-45B5-B9C1-6ACF63CB103C}"
EndProject
Project("{9A19103F-16F7-4668-BE54-9A1E7A4F7556}") = "Student", "ScoreManager\Student\Student.csproj", "{A14AE680-2A72-47D3-8E84-98D574117122}"
EndProject
Project("{2150E333-8FDC-42A3-9474-1A3956D46DE8}") = "Class", "Class", "{F78B5E17-0948-437C-A093-A4F4DDA6AF73}"
EndProject
Project("{9A19103F-16F7-4668-BE54-9A1E7A4F7556}") = "Class", "ScoreManager\Class\Class.csproj", "{C6EB5276-C4F8-4509-A54D-2A355A18B0CD}"
EndProject
Project("{2150E333-8FDC-42A3-9474-1A3956D46DE8}") = "Course", "Course", "{81ECA66F-0188-4F71-9623-52E57D373AD9}"
EndProject
Project("{9A19103F-16F7-4668-BE54-9A1E7A4F7556}") = "Course", "ScoreManager\Course\Course.csproj", "{E4183EDC-D756-467C-837F-57C6192E8982}"
EndProject
Project("{2150E333-8FDC-42A3-9474-1A3956D46DE8}") = "Score", "Score", "{568067CC-0979-4856-A547-F86A645DF73E}"
EndProject
Project("{9A19103F-16F7-4668-BE54-9A1E7A4F7556}") = "Score", "ScoreManager\Score\Score.csproj", "{BF1CE863-A43D-491B-95D5-6B9EFB0FDBD0}"
EndProject
Project("{2150E333-8FDC-42A3-9474-1A3956D46DE8}") = "CourseCate", "CourseCate", "{27F91BC8-00C7-4963-A98A-1410A47A8C55}"
EndProject
Project("{9A19103F-16F7-4668-BE54-9A1E7A4F7556}") = "CourseCate", "ScoreManager\CourseCate\CourseCate.csproj", "{7242127B-8A50-4441-B9F6-7483F20D3807}"
EndProject
Global
	GlobalSection(SolutionConfigurationPlatforms) = preSolution
		Debug|Any CPU = Debug|Any CPU
		Release|Any CPU = Release|Any CPU
	EndGlobalSection
	GlobalSection(ProjectConfigurationPlatforms) = postSolution
		{A66C2BFF-2B4C-426D-AFAA-2438383F5494}.Debug|Any CPU.ActiveCfg = Debug|Any CPU
		{A66C2BFF-2B4C-426D-AFAA-2438383F5494}.Debug|Any CPU.Build.0 = Debug|Any CPU
		{A66C2BFF-2B4C-426D-AFAA-2438383F5494}.Release|Any CPU.ActiveCfg = Release|Any CPU
		{A66C2BFF-2B4C-426D-AFAA-2438383F5494}.Release|Any CPU.Build.0 = Release|Any CPU
		{31BD1568-BCDA-45EB-ADD8-E0D22446C594}.Debug|Any CPU.ActiveCfg = Debug|Any CPU
		{31BD1568-BCDA-45EB-ADD8-E0D22446C594}.Debug|Any CPU.Build.0 = Debug|Any CPU
		{31BD1568-BCDA-45EB-ADD8-E0D22446C594}.Release|Any CPU.ActiveCfg = Release|Any CPU
		{31BD1568-BCDA-45EB-ADD8-E0D22446C594}.Release|Any CPU.Build.0 = Release|Any CPU
		{B6DFA30C-9FFA-4145-8990-BE1DC172BA69}.Debug|Any CPU.ActiveCfg = Debug|Any CPU
		{B6DFA30C-9FFA-4145-8990-BE1DC172BA69}.Debug|Any CPU.Build.0 = Debug|Any CPU
		{B6DFA30C-9FFA-4145-8990-BE1DC172BA69}.Release|Any CPU.ActiveCfg = Release|Any CPU
		{B6DFA30C-9FFA-4145-8990-BE1DC172BA69}.Release|Any CPU.Build.0 = Release|Any CPU
		{D7A9C06E-E7A4-4F04-B877-172768C2F37F}.Debug|Any CPU.ActiveCfg = Debug|Any CPU
		{D7A9C06E-E7A4-4F04-B877-172768C2F37F}.Debug|Any CPU.Build.0 = Debug|Any CPU
		{D7A9C06E-E7A4-4F04-B877-172768C2F37F}.Release|Any CPU.ActiveCfg = Release|Any CPU
		{D7A9C06E-E7A4-4F04-B877-172768C2F37F}.Release|Any CPU.Build.0 = Release|Any CPU
		{D497A416-34F9-45FC-AE28-15B96FD8DFBD}.Debug|Any CPU.ActiveCfg = Debug|Any CPU
		{D497A416-34F9-45FC-AE28-15B96FD8DFBD}.Debug|Any CPU.Build.0 = Debug|Any CPU
		{D497A416-34F9-45FC-AE28-15B96FD8DFBD}.Release|Any CPU.ActiveCfg = Release|Any CPU
		{D497A416-34F9-45FC-AE28-15B96FD8DFBD}.Release|Any CPU.Build.0 = Release|Any CPU
		{C74F8716-C641-45EF-B1D8-677BB310E5C7}.Debug|Any CPU.ActiveCfg = Debug|Any CPU
		{C74F8716-C641-45EF-B1D8-677BB310E5C7}.Debug|Any CPU.Build.0 = Debug|Any CPU
		{C74F8716-C641-45EF-B1D8-677BB310E5C7}.Release|Any CPU.ActiveCfg = Release|Any CPU
		{C74F8716-C641-45EF-B1D8-677BB310E5C7}.Release|Any CPU.Build.0 = Release|Any CPU
		{A14AE680-2A72-47D3-8E84-98D574117122}.Debug|Any CPU.ActiveCfg = Debug|Any CPU
		{A14AE680-2A72-47D3-8E84-98D574117122}.Debug|Any CPU.Build.0 = Debug|Any CPU
		{A14AE680-2A72-47D3-8E84-98D574117122}.Release|Any CPU.ActiveCfg = Release|Any CPU
		{A14AE680-2A72-47D3-8E84-98D574117122}.Release|Any CPU.Build.0 = Release|Any CPU
		{C6EB5276-C4F8-4509-A54D-2A355A18B0CD}.Debug|Any CPU.ActiveCfg = Debug|Any CPU
		{C6EB5276-C4F8-4509-A54D-2A355A18B0CD}.Debug|Any CPU.Build.0 = Debug|Any CPU
		{C6EB5276-C4F8-4509-A54D-2A355A18B0CD}.Release|Any CPU.ActiveCfg = Release|Any CPU
		{C6EB5276-C4F8-4509-A54D-2A355A18B0CD}.Release|Any CPU.Build.0 = Release|Any CPU
		{E4183EDC-D756-467C-837F-57C6192E8982}.Debug|Any CPU.ActiveCfg = Debug|Any CPU
		{E4183EDC-D756-467C-837F-57C6192E8982}.Debug|Any CPU.Build.0 = Debug|Any CPU
		{E4183EDC-D756-467C-837F-57C6192E8982}.Release|Any CPU.ActiveCfg = Release|Any CPU
		{E4183EDC-D756-467C-837F-57C6192E8982}.Release|Any CPU.Build.0 = Release|Any CPU
		{BF1CE863-A43D-491B-95D5-6B9EFB0FDBD0}.Debug|Any CPU.ActiveCfg = Debug|Any CPU
		{BF1CE863-A43D-491B-95D5-6B9EFB0FDBD0}.Debug|Any CPU.Build.0 = Debug|Any CPU
		{BF1CE863-A43D-491B-95D5-6B9EFB0FDBD0}.Release|Any CPU.ActiveCfg = Release|Any CPU
		{BF1CE863-A43D-491B-95D5-6B9EFB0FDBD0}.Release|Any CPU.Build.0 = Release|Any CPU
		{7242127B-8A50-4441-B9F6-7483F20D3807}.Debug|Any CPU.ActiveCfg = Debug|Any CPU
		{7242127B-8A50-4441-B9F6-7483F20D3807}.Debug|Any CPU.Build.0 = Debug|Any CPU
		{7242127B-8A50-4441-B9F6-7483F20D3807}.Release|Any CPU.ActiveCfg = Release|Any CPU
		{7242127B-8A50-4441-B9F6-7483F20D3807}.Release|Any CPU.Build.0 = Release|Any CPU
	EndGlobalSection
	GlobalSection(SolutionProperties) = preSolution
		HideSolutionNode = FALSE
	EndGlobalSection
	GlobalSection(NestedProjects) = preSolution
		{31BD1568-BCDA-45EB-ADD8-E0D22446C594} = {F6DE437E-64CF-4CDB-A269-851BB5F5CB86}
		{B6DFA30C-9FFA-4145-8990-BE1DC172BA69} = {F6DE437E-64CF-4CDB-A269-851BB5F5CB86}
		{D7A9C06E-E7A4-4F04-B877-172768C2F37F} = {F6DE437E-64CF-4CDB-A269-851BB5F5CB86}
		{D497A416-34F9-45FC-AE28-15B96FD8DFBD} = {F6DE437E-64CF-4CDB-A269-851BB5F5CB86}
		{11CD38D5-A759-4528-BE5F-9E3F916C545B} = {FB0EA1EE-3A94-4B7A-8A46-31DF16CEFEE8}
		{C74F8716-C641-45EF-B1D8-677BB310E5C7} = {11CD38D5-A759-4528-BE5F-9E3F916C545B}
		{711D0CA4-DA1A-45B5-B9C1-6ACF63CB103C} = {FB0EA1EE-3A94-4B7A-8A46-31DF16CEFEE8}
		{A14AE680-2A72-47D3-8E84-98D574117122} = {711D0CA4-DA1A-45B5-B9C1-6ACF63CB103C}
		{F78B5E17-0948-437C-A093-A4F4DDA6AF73} = {FB0EA1EE-3A94-4B7A-8A46-31DF16CEFEE8}
		{C6EB5276-C4F8-4509-A54D-2A355A18B0CD} = {F78B5E17-0948-437C-A093-A4F4DDA6AF73}
		{81ECA66F-0188-4F71-9623-52E57D373AD9} = {FB0EA1EE-3A94-4B7A-8A46-31DF16CEFEE8}
		{E4183EDC-D756-467C-837F-57C6192E8982} = {81ECA66F-0188-4F71-9623-52E57D373AD9}
		{568067CC-0979-4856-A547-F86A645DF73E} = {FB0EA1EE-3A94-4B7A-8A46-31DF16CEFEE8}
		{BF1CE863-A43D-491B-95D5-6B9EFB0FDBD0} = {568067CC-0979-4856-A547-F86A645DF73E}
		{27F91BC8-00C7-4963-A98A-1410A47A8C55} = {FB0EA1EE-3A94-4B7A-8A46-31DF16CEFEE8}
		{7242127B-8A50-4441-B9F6-7483F20D3807} = {27F91BC8-00C7-4963-A98A-1410A47A8C55}
	EndGlobalSection
	GlobalSection(ExtensibilityGlobals) = postSolution
		SolutionGuid = {B52D6035-E236-4543-90FB-FB0D054BE57F}
	EndGlobalSection
EndGlobal
